// !$*UTF8*$!
{
	archiveVersion = 1;
	classes = {
	};
	objectVersion = 50;
	objects = {

/* Begin PBXBuildFile section */
		35848CF225A78FA200AB47B5 /* AppDelegate.swift in Sources */ = {isa = PBXBuildFile; fileRef = 35848CF125A78FA200AB47B5 /* AppDelegate.swift */; };
		35848CF425A78FA200AB47B5 /* SceneDelegate.swift in Sources */ = {isa = PBXBuildFile; fileRef = 35848CF325A78FA200AB47B5 /* SceneDelegate.swift */; };
		35848CF625A78FA200AB47B5 /* ContentView.swift in Sources */ = {isa = PBXBuildFile; fileRef = 35848CF525A78FA200AB47B5 /* ContentView.swift */; };
		35848CF925A78FA200AB47B5 /* BetterRest.xcdatamodeld in Sources */ = {isa = PBXBuildFile; fileRef = 35848CF725A78FA200AB47B5 /* BetterRest.xcdatamodeld */; };
		35848CFB25A78FA700AB47B5 /* Assets.xcassets in Resources */ = {isa = PBXBuildFile; fileRef = 35848CFA25A78FA700AB47B5 /* Assets.xcassets */; };
		35848CFE25A78FA700AB47B5 /* Preview Assets.xcassets in Resources */ = {isa = PBXBuildFile; fileRef = 35848CFD25A78FA700AB47B5 /* Preview Assets.xcassets */; };
		35848D0125A78FA700AB47B5 /* LaunchScreen.storyboard in Resources */ = {isa = PBXBuildFile; fileRef = 35848CFF25A78FA700AB47B5 /* LaunchScreen.storyboard */; };
		35848D0C25A78FA700AB47B5 /* BetterRestTests.swift in Sources */ = {isa = PBXBuildFile; fileRef = 35848D0B25A78FA700AB47B5 /* BetterRestTests.swift */; };
		35848D1725A78FA700AB47B5 /* BetterRestUITests.swift in Sources */ = {isa = PBXBuildFile; fileRef = 35848D1625A78FA700AB47B5 /* BetterRestUITests.swift */; };
/* End PBXBuildFile section */

/* Begin PBXContainerItemProxy section */
		35848D0825A78FA700AB47B5 /* PBXContainerItemProxy */ = {
			isa = PBXContainerItemProxy;
			containerPortal = 35848CE625A78FA200AB47B5 /* Project object */;
			proxyType = 1;
			remoteGlobalIDString = 35848CED25A78FA200AB47B5;
			remoteInfo = BetterRest;
		};
		35848D1325A78FA700AB47B5 /* PBXContainerItemProxy */ = {
			isa = PBXContainerItemProxy;
			containerPortal = 35848CE625A78FA200AB47B5 /* Project object */;
			proxyType = 1;
			remoteGlobalIDString = 35848CED25A78FA200AB47B5;
			remoteInfo = BetterRest;
		};
/* End PBXContainerItemProxy section */

/* Begin PBXFileReference section */
		35848CEE25A78FA200AB47B5 /* BetterRest.app */ = {isa = PBXFileReference; explicitFileType = wrapper.application; includeInIndex = 0; path = BetterRest.app; sourceTree = BUILT_PRODUCTS_DIR; };
		35848CF125A78FA200AB47B5 /* AppDelegate.swift */ = {isa = PBXFileReference; lastKnownFileType = sourcecode.swift; path = AppDelegate.swift; sourceTree = "<group>"; };
		35848CF325A78FA200AB47B5 /* SceneDelegate.swift */ = {isa = PBXFileReference; lastKnownFileType = sourcecode.swift; path = SceneDelegate.swift; sourceTree = "<group>"; };
		35848CF525A78FA200AB47B5 /* ContentView.swift */ = {isa = PBXFileReference; lastKnownFileType = sourcecode.swift; path = ContentView.swift; sourceTree = "<group>"; };
		35848CF825A78FA200AB47B5 /* BetterRest.xcdatamodel */ = {isa = PBXFileReference; lastKnownFileType = wrapper.xcdatamodel; path = BetterRest.xcdatamodel; sourceTree = "<group>"; };
		35848CFA25A78FA700AB47B5 /* Assets.xcassets */ = {isa = PBXFileReference; lastKnownFileType = folder.assetcatalog; path = Assets.xcassets; sourceTree = "<group>"; };
		35848CFD25A78FA700AB47B5 /* Preview Assets.xcassets */ = {isa = PBXFileReference; lastKnownFileType = folder.assetcatalog; path = "Preview Assets.xcassets"; sourceTree = "<group>"; };
		35848D0025A78FA700AB47B5 /* Base */ = {isa = PBXFileReference; lastKnownFileType = file.storyboard; name = Base; path = Base.lproj/LaunchScreen.storyboard; sourceTree = "<group>"; };
		35848D0225A78FA700AB47B5 /* Info.plist */ = {isa = PBXFileReference; lastKnownFileType = text.plist.xml; path = Info.plist; sourceTree = "<group>"; };
		35848D0725A78FA700AB47B5 /* BetterRestTests.xctest */ = {isa = PBXFileReference; explicitFileType = wrapper.cfbundle; includeInIndex = 0; path = BetterRestTests.xctest; sourceTree = BUILT_PRODUCTS_DIR; };
		35848D0B25A78FA700AB47B5 /* BetterRestTests.swift */ = {isa = PBXFileReference; lastKnownFileType = sourcecode.swift; path = BetterRestTests.swift; sourceTree = "<group>"; };
		35848D0D25A78FA700AB47B5 /* Info.plist */ = {isa = PBXFileReference; lastKnownFileType = text.plist.xml; path = Info.plist; sourceTree = "<group>"; };
		35848D1225A78FA700AB47B5 /* BetterRestUITests.xctest */ = {isa = PBXFileReference; explicitFileType = wrapper.cfbundle; includeInIndex = 0; path = BetterRestUITests.xctest; sourceTree = BUILT_PRODUCTS_DIR; };
		35848D1625A78FA700AB47B5 /* BetterRestUITests.swift */ = {isa = PBXFileReference; lastKnownFileType = sourcecode.swift; path = BetterRestUITests.swift; sourceTree = "<group>"; };
		35848D1825A78FA700AB47B5 /* Info.plist */ = {isa = PBXFileReference; lastKnownFileType = text.plist.xml; path = Info.plist; sourceTree = "<group>"; };
/* End PBXFileReference section */

/* Begin PBXFrameworksBuildPhase section */
		35848CEB25A78FA200AB47B5 /* Frameworks */ = {
			isa = PBXFrameworksBuildPhase;
			buildActionMask = 2147483647;
			files = (
			);
			runOnlyForDeploymentPostprocessing = 0;
		};
		35848D0425A78FA700AB47B5 /* Frameworks */ = {
			isa = PBXFrameworksBuildPhase;
			buildActionMask = 2147483647;
			files = (
			);
			runOnlyForDeploymentPostprocessing = 0;
		};
		35848D0F25A78FA700AB47B5 /* Frameworks */ = {
			isa = PBXFrameworksBuildPhase;
			buildActionMask = 2147483647;
			files = (
			);
			runOnlyForDeploymentPostprocessing = 0;
		};
/* End PBXFrameworksBuildPhase section */

/* Begin PBXGroup section */
		35848CE525A78FA200AB47B5 = {
			isa = PBXGroup;
			children = (
				35848CF025A78FA200AB47B5 /* BetterRest */,
				35848D0A25A78FA700AB47B5 /* BetterRestTests */,
				35848D1525A78FA700AB47B5 /* BetterRestUITests */,
				35848CEF25A78FA200AB47B5 /* Products */,
			);
			sourceTree = "<group>";
		};
		35848CEF25A78FA200AB47B5 /* Products */ = {
			isa = PBXGroup;
			children = (
				35848CEE25A78FA200AB47B5 /* BetterRest.app */,
				35848D0725A78FA700AB47B5 /* BetterRestTests.xctest */,
				35848D1225A78FA700AB47B5 /* BetterRestUITests.xctest */,
			);
			name = Products;
			sourceTree = "<group>";
		};
		35848CF025A78FA200AB47B5 /* BetterRest */ = {
			isa = PBXGroup;
			children = (
				35848CF125A78FA200AB47B5 /* AppDelegate.swift */,
				35848CF325A78FA200AB47B5 /* SceneDelegate.swift */,
				35848CF525A78FA200AB47B5 /* ContentView.swift */,
				35848CFA25A78FA700AB47B5 /* Assets.xcassets */,
				35848CFF25A78FA700AB47B5 /* LaunchScreen.storyboard */,
				35848D0225A78FA700AB47B5 /* Info.plist */,
				35848CF725A78FA200AB47B5 /* BetterRest.xcdatamodeld */,
				35848CFC25A78FA700AB47B5 /* Preview Content */,
			);
			path = BetterRest;
			sourceTree = "<group>";
		};
		35848CFC25A78FA700AB47B5 /* Preview Content */ = {
			isa = PBXGroup;
			children = (
				35848CFD25A78FA700AB47B5 /* Preview Assets.xcassets */,
			);
			path = "Preview Content";
			sourceTree = "<group>";
		};
		35848D0A25A78FA700AB47B5 /* BetterRestTests */ = {
			isa = PBXGroup;
			children = (
				35848D0B25A78FA700AB47B5 /* BetterRestTests.swift */,
				35848D0D25A78FA700AB47B5 /* Info.plist */,
			);
			path = BetterRestTests;
			sourceTree = "<group>";
		};
		35848D1525A78FA700AB47B5 /* BetterRestUITests */ = {
			isa = PBXGroup;
			children = (
				35848D1625A78FA700AB47B5 /* BetterRestUITests.swift */,
				35848D1825A78FA700AB47B5 /* Info.plist */,
			);
			path = BetterRestUITests;
			sourceTree = "<group>";
		};
/* End PBXGroup section */

/* Begin PBXNativeTarget section */
		35848CED25A78FA200AB47B5 /* BetterRest */ = {
			isa = PBXNativeTarget;
			buildConfigurationList = 35848D1B25A78FA700AB47B5 /* Build configuration list for PBXNativeTarget "BetterRest" */;
			buildPhases = (
				35848CEA25A78FA200AB47B5 /* Sources */,
				35848CEB25A78FA200AB47B5 /* Frameworks */,
				35848CEC25A78FA200AB47B5 /* Resources */,
			);
			buildRules = (
			);
			dependencies = (
			);
			name = BetterRest;
			productName = BetterRest;
			productReference = 35848CEE25A78FA200AB47B5 /* BetterRest.app */;
			productType = "com.apple.product-type.application";
		};
		35848D0625A78FA700AB47B5 /* BetterRestTests */ = {
			isa = PBXNativeTarget;
			buildConfigurationList = 35848D1E25A78FA700AB47B5 /* Build configuration list for PBXNativeTarget "BetterRestTests" */;
			buildPhases = (
				35848D0325A78FA700AB47B5 /* Sources */,
				35848D0425A78FA700AB47B5 /* Frameworks */,
				35848D0525A78FA700AB47B5 /* Resources */,
			);
			buildRules = (
			);
			dependencies = (
				35848D0925A78FA700AB47B5 /* PBXTargetDependency */,
			);
			name = BetterRestTests;
			productName = BetterRestTests;
			productReference = 35848D0725A78FA700AB47B5 /* BetterRestTests.xctest */;
			productType = "com.apple.product-type.bundle.unit-test";
		};
		35848D1125A78FA700AB47B5 /* BetterRestUITests */ = {
			isa = PBXNativeTarget;
			buildConfigurationList = 35848D2125A78FA700AB47B5 /* Build configuration list for PBXNativeTarget "BetterRestUITests" */;
			buildPhases = (
				35848D0E25A78FA700AB47B5 /* Sources */,
				35848D0F25A78FA700AB47B5 /* Frameworks */,
				35848D1025A78FA700AB47B5 /* Resources */,
			);
			buildRules = (
			);
			dependencies = (
				35848D1425A78FA700AB47B5 /* PBXTargetDependency */,
			);
			name = BetterRestUITests;
			productName = BetterRestUITests;
			productReference = 35848D1225A78FA700AB47B5 /* BetterRestUITests.xctest */;
			productType = "com.apple.product-type.bundle.ui-testing";
		};
/* End PBXNativeTarget section */

/* Begin PBXProject section */
		35848CE625A78FA200AB47B5 /* Project object */ = {
			isa = PBXProject;
			attributes = {
				LastSwiftUpdateCheck = 1230;
				LastUpgradeCheck = 1230;
				TargetAttributes = {
					35848CED25A78FA200AB47B5 = {
						CreatedOnToolsVersion = 12.3;
					};
					35848D0625A78FA700AB47B5 = {
						CreatedOnToolsVersion = 12.3;
						TestTargetID = 35848CED25A78FA200AB47B5;
					};
					35848D1125A78FA700AB47B5 = {
						CreatedOnToolsVersion = 12.3;
						TestTargetID = 35848CED25A78FA200AB47B5;
					};
				};
			};
			buildConfigurationList = 35848CE925A78FA200AB47B5 /* Build configuration list for PBXProject "BetterRest" */;
			compatibilityVersion = "Xcode 9.3";
			developmentRegion = en;
			hasScannedForEncodings = 0;
			knownRegions = (
				en,
				Base,
			);
			mainGroup = 35848CE525A78FA200AB47B5;
			productRefGroup = 35848CEF25A78FA200AB47B5 /* Products */;
			projectDirPath = "";
			projectRoot = "";
			targets = (
				35848CED25A78FA200AB47B5 /* BetterRest */,
				35848D0625A78FA700AB47B5 /* BetterRestTests */,
				35848D1125A78FA700AB47B5 /* BetterRestUITests */,
			);
		};
/* End PBXProject section */

/* Begin PBXResourcesBuildPhase section */
		35848CEC25A78FA200AB47B5 /* Resources */ = {
			isa = PBXResourcesBuildPhase;
			buildActionMask = 2147483647;
			files = (
				35848D0125A78FA700AB47B5 /* LaunchScreen.storyboard in Resources */,
				35848CFE25A78FA700AB47B5 /* Preview Assets.xcassets in Resources */,
				35848CFB25A78FA700AB47B5 /* Assets.xcassets in Resources */,
			);
			runOnlyForDeploymentPostprocessing = 0;
		};
		35848D0525A78FA700AB47B5 /* Resources */ = {
			isa = PBXResourcesBuildPhase;
			buildActionMask = 2147483647;
			files = (
			);
			runOnlyForDeploymentPostprocessing = 0;
		};
		35848D1025A78FA700AB47B5 /* Resources */ = {
			isa = PBXResourcesBuildPhase;
			buildActionMask = 2147483647;
			files = (
			);
			runOnlyForDeploymentPostprocessing = 0;
		};
/* End PBXResourcesBuildPhase section */

/* Begin PBXSourcesBuildPhase section */
		35848CEA25A78FA200AB47B5 /* Sources */ = {
			isa = PBXSourcesBuildPhase;
			buildActionMask = 2147483647;
			files = (
				35848CF225A78FA200AB47B5 /* AppDelegate.swift in Sources */,
				35848CF425A78FA200AB47B5 /* SceneDelegate.swift in Sources */,
				35848CF625A78FA200AB47B5 /* ContentView.swift in Sources */,
				35848CF925A78FA200AB47B5 /* BetterRest.xcdatamodeld in Sources */,
			);
			runOnlyForDeploymentPostprocessing = 0;
		};
		35848D0325A78FA700AB47B5 /* Sources */ = {
			isa = PBXSourcesBuildPhase;
			buildActionMask = 2147483647;
			files = (
				35848D0C25A78FA700AB47B5 /* BetterRestTests.swift in Sources */,
			);
			runOnlyForDeploymentPostprocessing = 0;
		};
		35848D0E25A78FA700AB47B5 /* Sources */ = {
			isa = PBXSourcesBuildPhase;
			buildActionMask = 2147483647;
			files = (
				35848D1725A78FA700AB47B5 /* BetterRestUITests.swift in Sources */,
			);
			runOnlyForDeploymentPostprocessing = 0;
		};
/* End PBXSourcesBuildPhase section */

/* Begin PBXTargetDependency section */
		35848D0925A78FA700AB47B5 /* PBXTargetDependency */ = {
			isa = PBXTargetDependency;
			target = 35848CED25A78FA200AB47B5 /* BetterRest */;
			targetProxy = 35848D0825A78FA700AB47B5 /* PBXContainerItemProxy */;
		};
		35848D1425A78FA700AB47B5 /* PBXTargetDependency */ = {
			isa = PBXTargetDependency;
			target = 35848CED25A78FA200AB47B5 /* BetterRest */;
			targetProxy = 35848D1325A78FA700AB47B5 /* PBXContainerItemProxy */;
		};
/* End PBXTargetDependency section */

/* Begin PBXVariantGroup section */
		35848CFF25A78FA700AB47B5 /* LaunchScreen.storyboard */ = {
			isa = PBXVariantGroup;
			children = (
				35848D0025A78FA700AB47B5 /* Base */,
			);
			name = LaunchScreen.storyboard;
			sourceTree = "<group>";
		};
/* End PBXVariantGroup section */

/* Begin XCBuildConfiguration section */
		35848D1925A78FA700AB47B5 /* Debug */ = {
			isa = XCBuildConfiguration;
			buildSettings = {
				ALWAYS_SEARCH_USER_PATHS = NO;
				CLANG_ANALYZER_NONNULL = YES;
				CLANG_ANALYZER_NUMBER_OBJECT_CONVERSION = YES_AGGRESSIVE;
				CLANG_CXX_LANGUAGE_STANDARD = "gnu++14";
				CLANG_CXX_LIBRARY = "libc++";
				CLANG_ENABLE_MODULES = YES;
				CLANG_ENABLE_OBJC_ARC = YES;
				CLANG_ENABLE_OBJC_WEAK = YES;
				CLANG_WARN_BLOCK_CAPTURE_AUTORELEASING = YES;
				CLANG_WARN_BOOL_CONVERSION = YES;
				CLANG_WARN_COMMA = YES;
				CLANG_WARN_CONSTANT_CONVERSION = YES;
				CLANG_WARN_DEPRECATED_OBJC_IMPLEMENTATIONS = YES;
				CLANG_WARN_DIRECT_OBJC_ISA_USAGE = YES_ERROR;
				CLANG_WARN_DOCUMENTATION_COMMENTS = YES;
				CLANG_WARN_EMPTY_BODY = YES;
				CLANG_WARN_ENUM_CONVERSION = YES;
				CLANG_WARN_INFINITE_RECURSION = YES;
				CLANG_WARN_INT_CONVERSION = YES;
				CLANG_WARN_NON_LITERAL_NULL_CONVERSION = YES;
				CLANG_WARN_OBJC_IMPLICIT_RETAIN_SELF = YES;
				CLANG_WARN_OBJC_LITERAL_CONVERSION = YES;
				CLANG_WARN_OBJC_ROOT_CLASS = YES_ERROR;
				CLANG_WARN_QUOTED_INCLUDE_IN_FRAMEWORK_HEADER = YES;
				CLANG_WARN_RANGE_LOOP_ANALYSIS = YES;
				CLANG_WARN_STRICT_PROTOTYPES = YES;
				CLANG_WARN_SUSPICIOUS_MOVE = YES;
				CLANG_WARN_UNGUARDED_AVAILABILITY = YES_AGGRESSIVE;
				CLANG_WARN_UNREACHABLE_CODE = YES;
				CLANG_WARN__DUPLICATE_METHOD_MATCH = YES;
				COPY_PHASE_STRIP = NO;
				DEBUG_INFORMATION_FORMAT = dwarf;
				ENABLE_STRICT_OBJC_MSGSEND = YES;
				ENABLE_TESTABILITY = YES;
				GCC_C_LANGUAGE_STANDARD = gnu11;
				GCC_DYNAMIC_NO_PIC = NO;
				GCC_NO_COMMON_BLOCKS = YES;
				GCC_OPTIMIZATION_LEVEL = 0;
				GCC_PREPROCESSOR_DEFINITIONS = (
					"DEBUG=1",
					"$(inherited)",
				);
				GCC_WARN_64_TO_32_BIT_CONVERSION = YES;
				GCC_WARN_ABOUT_RETURN_TYPE = YES_ERROR;
				GCC_WARN_UNDECLARED_SELECTOR = YES;
				GCC_WARN_UNINITIALIZED_AUTOS = YES_AGGRESSIVE;
				GCC_WARN_UNUSED_FUNCTION = YES;
				GCC_WARN_UNUSED_VARIABLE = YES;
				IPHONEOS_DEPLOYMENT_TARGET = 14.3;
				MTL_ENABLE_DEBUG_INFO = INCLUDE_SOURCE;
				MTL_FAST_MATH = YES;
				ONLY_ACTIVE_ARCH = YES;
				SDKROOT = iphoneos;
				SWIFT_ACTIVE_COMPILATION_CONDITIONS = DEBUG;
				SWIFT_OPTIMIZATION_LEVEL = "-Onone";
			};
			name = Debug;
		};
		35848D1A25A78FA700AB47B5 /* Release */ = {
			isa = XCBuildConfiguration;
			buildSettings = {
				ALWAYS_SEARCH_USER_PATHS = NO;
				CLANG_ANALYZER_NONNULL = YES;
				CLANG_ANALYZER_NUMBER_OBJECT_CONVERSION = YES_AGGRESSIVE;
				CLANG_CXX_LANGUAGE_STANDARD = "gnu++14";
				CLANG_CXX_LIBRARY = "libc++";
				CLANG_ENABLE_MODULES = YES;
				CLANG_ENABLE_OBJC_ARC = YES;
				CLANG_ENABLE_OBJC_WEAK = YES;
				CLANG_WARN_BLOCK_CAPTURE_AUTORELEASING = YES;
				CLANG_WARN_BOOL_CONVERSION = YES;
				CLANG_WARN_COMMA = YES;
				CLANG_WARN_CONSTANT_CONVERSION = YES;
				CLANG_WARN_DEPRECATED_OBJC_IMPLEMENTATIONS = YES;
				CLANG_WARN_DIRECT_OBJC_ISA_USAGE = YES_ERROR;
				CLANG_WARN_DOCUMENTATION_COMMENTS = YES;
				CLANG_WARN_EMPTY_BODY = YES;
				CLANG_WARN_ENUM_CONVERSION = YES;
				CLANG_WARN_INFINITE_RECURSION = YES;
				CLANG_WARN_INT_CONVERSION = YES;
				CLANG_WARN_NON_LITERAL_NULL_CONVERSION = YES;
				CLANG_WARN_OBJC_IMPLICIT_RETAIN_SELF = YES;
				CLANG_WARN_OBJC_LITERAL_CONVERSION = YES;
				CLANG_WARN_OBJC_ROOT_CLASS = YES_ERROR;
				CLANG_WARN_QUOTED_INCLUDE_IN_FRAMEWORK_HEADER = YES;
				CLANG_WARN_RANGE_LOOP_ANALYSIS = YES;
				CLANG_WARN_STRICT_PROTOTYPES = YES;
				CLANG_WARN_SUSPICIOUS_MOVE = YES;
				CLANG_WARN_UNGUARDED_AVAILABILITY = YES_AGGRESSIVE;
				CLANG_WARN_UNREACHABLE_CODE = YES;
				CLANG_WARN__DUPLICATE_METHOD_MATCH = YES;
				COPY_PHASE_STRIP = NO;
				DEBUG_INFORMATION_FORMAT = "dwarf-with-dsym";
				ENABLE_NS_ASSERTIONS = NO;
				ENABLE_STRICT_OBJC_MSGSEND = YES;
				GCC_C_LANGUAGE_STANDARD = gnu11;
				GCC_NO_COMMON_BLOCKS = YES;
				GCC_WARN_64_TO_32_BIT_CONVERSION = YES;
				GCC_WARN_ABOUT_RETURN_TYPE = YES_ERROR;
				GCC_WARN_UNDECLARED_SELECTOR = YES;
				GCC_WARN_UNINITIALIZED_AUTOS = YES_AGGRESSIVE;
				GCC_WARN_UNUSED_FUNCTION = YES;
				GCC_WARN_UNUSED_VARIABLE = YES;
				IPHONEOS_DEPLOYMENT_TARGET = 14.3;
				MTL_ENABLE_DEBUG_INFO = NO;
				MTL_FAST_MATH = YES;
				SDKROOT = iphoneos;
				SWIFT_COMPILATION_MODE = wholemodule;
				SWIFT_OPTIMIZATION_LEVEL = "-O";
				VALIDATE_PRODUCT = YES;
			};
			name = Release;
		};
		35848D1C25A78FA700AB47B5 /* Debug */ = {
			isa = XCBuildConfiguration;
			buildSettings = {
				ASSETCATALOG_COMPILER_APPICON_NAME = AppIcon;
				ASSETCATALOG_COMPILER_GLOBAL_ACCENT_COLOR_NAME = AccentColor;
				CODE_SIGN_STYLE = Automatic;
				DEVELOPMENT_ASSET_PATHS = "\"BetterRest/Preview Content\"";
				DEVELOPMENT_TEAM = AF7PH7C9M6;
				ENABLE_PREVIEWS = YES;
				INFOPLIST_FILE = BetterRest/Info.plist;
				LD_RUNPATH_SEARCH_PATHS = (
					"$(inherited)",
					"@executable_path/Frameworks",
				);
				PRODUCT_BUNDLE_IDENTIFIER = plum.BetterRest;
				PRODUCT_NAME = "$(TARGET_NAME)";
				SWIFT_VERSION = 5.0;
				TARGETED_DEVICE_FAMILY = "1,2";
			};
			name = Debug;
		};
		35848D1D25A78FA700AB47B5 /* Release */ = {
			isa = XCBuildConfiguration;
			buildSettings = {
				ASSETCATALOG_COMPILER_APPICON_NAME = AppIcon;
				ASSETCATALOG_COMPILER_GLOBAL_ACCENT_COLOR_NAME = AccentColor;
				CODE_SIGN_STYLE = Automatic;
				DEVELOPMENT_ASSET_PATHS = "\"BetterRest/Preview Content\"";
				DEVELOPMENT_TEAM = AF7PH7C9M6;
				ENABLE_PREVIEWS = YES;
				INFOPLIST_FILE = BetterRest/Info.plist;
				LD_RUNPATH_SEARCH_PATHS = (
					"$(inherited)",
					"@executable_path/Frameworks",
				);
				PRODUCT_BUNDLE_IDENTIFIER = plum.BetterRest;
				PRODUCT_NAME = "$(TARGET_NAME)";
				SWIFT_VERSION = 5.0;
				TARGETED_DEVICE_FAMILY = "1,2";
			};
			name = Release;
		};
		35848D1F25A78FA700AB47B5 /* Debug */ = {
			isa = XCBuildConfiguration;
			buildSettings = {
				ALWAYS_EMBED_SWIFT_STANDARD_LIBRARIES = YES;
				BUNDLE_LOADER = "$(TEST_HOST)";
				CODE_SIGN_STYLE = Automatic;
				DEVELOPMENT_TEAM = AF7PH7C9M6;
				INFOPLIST_FILE = BetterRestTests/Info.plist;
				IPHONEOS_DEPLOYMENT_TARGET = 14.3;
				LD_RUNPATH_SEARCH_PATHS = (
					"$(inherited)",
					"@executable_path/Frameworks",
					"@loader_path/Frameworks",
				);
				PRODUCT_BUNDLE_IDENTIFIER = plum.BetterRestTests;
				PRODUCT_NAME = "$(TARGET_NAME)";
				SWIFT_VERSION = 5.0;
				TARGETED_DEVICE_FAMILY = "1,2";
				TEST_HOST = "$(BUILT_PRODUCTS_DIR)/BetterRest.app/BetterRest";
			};
			name = Debug;
		};
		35848D2025A78FA700AB47B5 /* Release */ = {
			isa = XCBuildConfiguration;
			buildSettings = {
				ALWAYS_EMBED_SWIFT_STANDARD_LIBRARIES = YES;
				BUNDLE_LOADER = "$(TEST_HOST)";
				CODE_SIGN_STYLE = Automatic;
				DEVELOPMENT_TEAM = AF7PH7C9M6;
				INFOPLIST_FILE = BetterRestTests/Info.plist;
				IPHONEOS_DEPLOYMENT_TARGET = 14.3;
				LD_RUNPATH_SEARCH_PATHS = (
					"$(inherited)",
					"@executable_path/Frameworks",
					"@loader_path/Frameworks",
				);
				PRODUCT_BUNDLE_IDENTIFIER = plum.BetterRestTests;
				PRODUCT_NAME = "$(TARGET_NAME)";
				SWIFT_VERSION = 5.0;
				TARGETED_DEVICE_FAMILY = "1,2";
				TEST_HOST = "$(BUILT_PRODUCTS_DIR)/BetterRest.app/BetterRest";
			};
			name = Release;
		};
		35848D2225A78FA700AB47B5 /* Debug */ = {
			isa = XCBuildConfiguration;
			buildSettings = {
				ALWAYS_EMBED_SWIFT_STANDARD_LIBRARIES = YES;
				CODE_SIGN_STYLE = Automatic;
				DEVELOPMENT_TEAM = AF7PH7C9M6;
				INFOPLIST_FILE = BetterRestUITests/Info.plist;
				LD_RUNPATH_SEARCH_PATHS = (
					"$(inherited)",
					"@executable_path/Frameworks",
					"@loader_path/Frameworks",
				);
				PRODUCT_BUNDLE_IDENTIFIER = plum.BetterRestUITests;
				PRODUCT_NAME = "$(TARGET_NAME)";
				SWIFT_VERSION = 5.0;
				TARGETED_DEVICE_FAMILY = "1,2";
				TEST_TARGET_NAME = BetterRest;
			};
			name = Debug;
		};
		35848D2325A78FA700AB47B5 /* Release */ = {
			isa = XCBuildConfiguration;
			buildSettings = {
				ALWAYS_EMBED_SWIFT_STANDARD_LIBRARIES = YES;
				CODE_SIGN_STYLE = Automatic;
				DEVELOPMENT_TEAM = AF7PH7C9M6;
				INFOPLIST_FILE = BetterRestUITests/Info.plist;
				LD_RUNPATH_SEARCH_PATHS = (
					"$(inherited)",
					"@executable_path/Frameworks",
					"@loader_path/Frameworks",
				);
				PRODUCT_BUNDLE_IDENTIFIER = plum.BetterRestUITests;
				PRODUCT_NAME = "$(TARGET_NAME)";
				SWIFT_VERSION = 5.0;
				TARGETED_DEVICE_FAMILY = "1,2";
				TEST_TARGET_NAME = BetterRest;
			};
			name = Release;
		};
/* End XCBuildConfiguration section */

/* Begin XCConfigurationList section */
		35848CE925A78FA200AB47B5 /* Build configuration list for PBXProject "BetterRest" */ = {
			isa = XCConfigurationList;
			buildConfigurations = (
				35848D1925A78FA700AB47B5 /* Debug */,
				35848D1A25A78FA700AB47B5 /* Release */,
			);
			defaultConfigurationIsVisible = 0;
			defaultConfigurationName = Release;
		};
		35848D1B25A78FA700AB47B5 /* Build configuration list for PBXNativeTarget "BetterRest" */ = {
			isa = XCConfigurationList;
			buildConfigurations = (
				35848D1C25A78FA700AB47B5 /* Debug */,
				35848D1D25A78FA700AB47B5 /* Release */,
			);
			defaultConfigurationIsVisible = 0;
			defaultConfigurationName = Release;
		};
		35848D1E25A78FA700AB47B5 /* Build configuration list for PBXNativeTarget "BetterRestTests" */ = {
			isa = XCConfigurationList;
			buildConfigurations = (
				35848D1F25A78FA700AB47B5 /* Debug */,
				35848D2025A78FA700AB47B5 /* Release */,
			);
			defaultConfigurationIsVisible = 0;
			defaultConfigurationName = Release;
		};
		35848D2125A78FA700AB47B5 /* Build configuration list for PBXNativeTarget "BetterRestUITests" */ = {
			isa = XCConfigurationList;
			buildConfigurations = (
				35848D2225A78FA700AB47B5 /* Debug */,
				35848D2325A78FA700AB47B5 /* Release */,
			);
			defaultConfigurationIsVisible = 0;
			defaultConfigurationName = Release;
		};
/* End XCConfigurationList section */

/* Begin XCVersionGroup section */
		35848CF725A78FA200AB47B5 /* BetterRest.xcdatamodeld */ = {
			isa = XCVersionGroup;
			children = (
				35848CF825A78FA200AB47B5 /* BetterRest.xcdatamodel */,
			);
			currentVersion = 35848CF825A78FA200AB47B5 /* BetterRest.xcdatamodel */;
			path = BetterRest.xcdatamodeld;
			sourceTree = "<group>";
			versionGroupType = wrapper.xcdatamodel;
		};
/* End XCVersionGroup section */
	};
	rootObject = 35848CE625A78FA200AB47B5 /* Project object */;
}
